{
  "name": "react_native_app",
  "version": "1.0.0",
  "lockfileVersion": 3,
  "requires": true,
  "packages": {
    "": {
      "name": "react_native_app",
      "version": "1.0.0",
      "license": "ISC",
      "dependencies": {
        "react-native-woocommerce": "^1.0.0"
      }
    },
    "node_modules/react-native-woocommerce": {
      "version": "1.0.0",
      "resolved": "https://registry.npmjs.org/react-native-woocommerce/-/react-native-woocommerce-1.0.0.tgz",
      "integrity": "sha512-Ko8CczK5A3GDQY2Pq8NliNxjcTXEFH78DcECxNPHuGP5bLszHrXnoGbpIle9tYhrCmdNyzXPxrnJyUF8a/H6QQ=="
    }
  }
}
